
Microsoft Visual Studio Solution File, Format Version 12.00
# Visual Studio Version 17
VisualStudioVersion = 17.6.33829.357
MinimumVisualStudioVersion = 10.0.40219.1
Project("{FAE04EC0-301F-11D3-BF4B-00C04F79EFBC}") = "Fitness App - Cold Plunge Tracker", "Fitness App - Cold Plunge Tracker.csproj", "{46F177AF-E639-4CFD-ABD2-FF049732FFDC}"
EndProject
Global
	GlobalSection(SolutionConfigurationPlatforms) = preSolution
		Debug|Any CPU = Debug|Any CPU
		Release|Any CPU = Release|Any CPU
	EndGlobalSection
	GlobalSection(ProjectConfigurationPlatforms) = postSolution
		{46F177AF-E639-4CFD-ABD2-FF049732FFDC}.Debug|Any CPU.ActiveCfg = Debug|Any CPU
		{46F177AF-E639-4CFD-ABD2-FF049732FFDC}.Debug|Any CPU.Build.0 = Debug|Any CPU
		{46F177AF-E639-4CFD-ABD2-FF049732FFDC}.Release|Any CPU.ActiveCfg = Release|Any CPU
		{46F177AF-E639-4CFD-ABD2-FF049732FFDC}.Release|Any CPU.Build.0 = Release|Any CPU
	EndGlobalSection
	GlobalSection(SolutionProperties) = preSolution
		HideSolutionNode = FALSE
	EndGlobalSection
	GlobalSection(ExtensibilityGlobals) = postSolution
		SolutionGuid = {BE09B243-894D-44EA-99A0-607D92C9EEE2}
	EndGlobalSection
EndGlobal
